
Microsoft Visual Studio Solution File, Format Version 12.00
# Visual Studio Version 17
VisualStudioVersion = 17.1.32328.378
MinimumVisualStudioVersion = 10.0.40219.1
Project("{9A19103F-16F7-4668-BE54-9A1E7A4F7556}") = "UnityExplorer", "UnityExplorer.csproj", "{B21DBDE3-5D6F-4726-93AB-CC3CC68BAE7D}"
EndProject
Project("{FAE04EC0-301F-11D3-BF4B-00C04F79EFBC}") = "mcs", "..\lib\mcs\mcs\mcs.csproj", "{49D9BA79-8367-4614-AC74-154741D46FBF}"
EndProject
Project("{FAE04EC0-301F-11D3-BF4B-00C04F79EFBC}") = "UniverseLib", "..\lib\UniverseLib\src\UniverseLib.csproj", "{953269FE-7F67-47DB-8680-78DA89884310}"
EndProject
Global
	GlobalSection(SolutionConfigurationPlatforms) = preSolution
		Release_BIE_Cpp|Any CPU = Release_BIE_Cpp|Any CPU
		Release_BIE5_Mono|Any CPU = Release_BIE5_Mono|Any CPU
		Release_BIE6_Mono|Any CPU = Release_BIE6_Mono|Any CPU
		Release_ML_Cpp|Any CPU = Release_ML_Cpp|Any CPU
		Release_ML_Mono|Any CPU = Release_ML_Mono|Any CPU
		Release_STANDALONE_Cpp|Any CPU = Release_STANDALONE_Cpp|Any CPU
		Release_STANDALONE_Mono|Any CPU = Release_STANDALONE_Mono|Any CPU
		Debug_BIE_Cpp|Any CPU = Debug_BIE_Cpp|Any CPU
		Debug_BIE5_Mono|Any CPU = Debug_BIE5_Mono|Any CPU
		Debug_BIE6_Mono|Any CPU = Debug_BIE6_Mono|Any CPU
		Debug_ML_Cpp|Any CPU = Debug_ML_Cpp|Any CPU
		Debug_ML_Mono|Any CPU = Debug_ML_Mono|Any CPU
		Debug_STANDALONE_Cpp|Any CPU = Debug_STANDALONE_Cpp|Any CPU
		Debug_STANDALONE_Mono|Any CPU = Debug_STANDALONE_Mono|Any CPU
	EndGlobalSection
	GlobalSection(ProjectConfigurationPlatforms) = postSolution
		{B21DBDE3-5D6F-4726-93AB-CC3CC68BAE7D}.Release_BIE6_Mono|Any CPU.ActiveCfg = Release_BIE6_Mono|Any CPU
		{B21DBDE3-5D6F-4726-93AB-CC3CC68BAE7D}.Release_BIE6_Mono|Any CPU.Build.0 = Release_BIE6_Mono|Any CPU
		{B21DBDE3-5D6F-4726-93AB-CC3CC68BAE7D}.Release_ML_Cpp|Any CPU.ActiveCfg = Release_ML_Cpp|Any CPU
		{B21DBDE3-5D6F-4726-93AB-CC3CC68BAE7D}.Release_ML_Cpp|Any CPU.Build.0 = Release_ML_Cpp|Any CPU
		{B21DBDE3-5D6F-4726-93AB-CC3CC68BAE7D}.Release_ML_Mono|Any CPU.ActiveCfg = Release_ML_Mono|Any CPU
		{B21DBDE3-5D6F-4726-93AB-CC3CC68BAE7D}.Release_ML_Mono|Any CPU.Build.0 = Release_ML_Mono|Any CPU
		{B21DBDE3-5D6F-4726-93AB-CC3CC68BAE7D}.Release_STANDALONE_Cpp|Any CPU.ActiveCfg = Release_STANDALONE_Cpp|Any CPU
		{B21DBDE3-5D6F-4726-93AB-CC3CC68BAE7D}.Release_STANDALONE_Cpp|Any CPU.Build.0 = Release_STANDALONE_Cpp|Any CPU
		{B21DBDE3-5D6F-4726-93AB-CC3CC68BAE7D}.Release_STANDALONE_Mono|Any CPU.ActiveCfg = Release_STANDALONE_Mono|Any CPU
		{B21DBDE3-5D6F-4726-93AB-CC3CC68BAE7D}.Release_STANDALONE_Mono|Any CPU.Build.0 = Release_STANDALONE_Mono|Any CPU
		{B21DBDE3-5D6F-4726-93AB-CC3CC68BAE7D}.Debug_BIE6_Mono|Any CPU.ActiveCfg = Debug_BIE6_Mono|Any CPU
		{B21DBDE3-5D6F-4726-93AB-CC3CC68BAE7D}.Debug_BIE6_Mono|Any CPU.Build.0 = Debug_BIE6_Mono|Any CPU
		{B21DBDE3-5D6F-4726-93AB-CC3CC68BAE7D}.Debug_ML_Cpp|Any CPU.ActiveCfg = Debug_ML_Cpp|Any CPU
		{B21DBDE3-5D6F-4726-93AB-CC3CC68BAE7D}.Debug_ML_Cpp|Any CPU.Build.0 = Debug_ML_Cpp|Any CPU
		{B21DBDE3-5D6F-4726-93AB-CC3CC68BAE7D}.Debug_ML_Mono|Any CPU.ActiveCfg = Debug_ML_Mono|Any CPU
		{B21DBDE3-5D6F-4726-93AB-CC3CC68BAE7D}.Debug_ML_Mono|Any CPU.Build.0 = Debug_ML_Mono|Any CPU
		{B21DBDE3-5D6F-4726-93AB-CC3CC68BAE7D}.Debug_STANDALONE_Mono|Any CPU.ActiveCfg = Debug_STANDALONE_Mono|Any CPU
		{B21DBDE3-5D6F-4726-93AB-CC3CC68BAE7D}.Debug_STANDALONE_Mono|Any CPU.Build.0 = Debug_STANDALONE_Mono|Any CPU
		{B21DBDE3-5D6F-4726-93AB-CC3CC68BAE7D}.Debug_BIE5_Mono|Any CPU.ActiveCfg = Debug_BIE5_Mono|Any CPU
		{B21DBDE3-5D6F-4726-93AB-CC3CC68BAE7D}.Debug_BIE5_Mono|Any CPU.Build.0 = Debug_BIE5_Mono|Any CPU
		{B21DBDE3-5D6F-4726-93AB-CC3CC68BAE7D}.Debug_BIE_Cpp|Any CPU.ActiveCfg = Debug_BIE_Cpp|Any CPU
		{B21DBDE3-5D6F-4726-93AB-CC3CC68BAE7D}.Debug_BIE_Cpp|Any CPU.Build.0 = Debug_BIE_Cpp|Any CPU
		{B21DBDE3-5D6F-4726-93AB-CC3CC68BAE7D}.Debug_STANDALONE_Cpp|Any CPU.ActiveCfg = Debug_STANDALONE_Cpp|Any CPU
		{B21DBDE3-5D6F-4726-93AB-CC3CC68BAE7D}.Debug_STANDALONE_Cpp|Any CPU.Build.0 = Debug_STANDALONE_Cpp|Any CPU
		{B21DBDE3-5D6F-4726-93AB-CC3CC68BAE7D}.Release_BIE_Cpp|Any CPU.ActiveCfg = Release_BIE_Cpp|Any CPU
		{B21DBDE3-5D6F-4726-93AB-CC3CC68BAE7D}.Release_BIE_Cpp|Any CPU.Build.0 = Release_BIE_Cpp|Any CPU
		{B21DBDE3-5D6F-4726-93AB-CC3CC68BAE7D}.Release_BIE5_Mono|Any CPU.ActiveCfg = Release_BIE5_Mono|Any CPU
		{B21DBDE3-5D6F-4726-93AB-CC3CC68BAE7D}.Release_BIE5_Mono|Any CPU.Build.0 = Release_BIE5_Mono|Any CPU
		{49D9BA79-8367-4614-AC74-154741D46FBF}.Debug_BIE_Cpp|Any CPU.ActiveCfg = Debug|Any CPU
		{49D9BA79-8367-4614-AC74-154741D46FBF}.Debug_BIE_Cpp|Any CPU.Build.0 = Debug|Any CPU
		{49D9BA79-8367-4614-AC74-154741D46FBF}.Debug_ML_Cpp|Any CPU.ActiveCfg = Debug|Any CPU
		{49D9BA79-8367-4614-AC74-154741D46FBF}.Debug_ML_Cpp|Any CPU.Build.0 = Debug|Any CPU
		{49D9BA79-8367-4614-AC74-154741D46FBF}.Debug_STANDALONE_Cpp|Any CPU.ActiveCfg = Debug|Any CPU
		{49D9BA79-8367-4614-AC74-154741D46FBF}.Debug_STANDALONE_Cpp|Any CPU.Build.0 = Debug|Any CPU
		{49D9BA79-8367-4614-AC74-154741D46FBF}.Debug_BIE5_Mono|Any CPU.ActiveCfg = Debug_net35|Any CPU
		{49D9BA79-8367-4614-AC74-154741D46FBF}.Debug_BIE5_Mono|Any CPU.Build.0 = Debug_net35|Any CPU
		{49D9BA79-8367-4614-AC74-154741D46FBF}.Debug_BIE6_Mono|Any CPU.ActiveCfg = Debug_net35|Any CPU
		{49D9BA79-8367-4614-AC74-154741D46FBF}.Debug_BIE6_Mono|Any CPU.Build.0 = Debug_net35|Any CPU
		{49D9BA79-8367-4614-AC74-154741D46FBF}.Debug_ML_Mono|Any CPU.ActiveCfg = Debug_net35|Any CPU
		{49D9BA79-8367-4614-AC74-154741D46FBF}.Debug_ML_Mono|Any CPU.Build.0 = Debug_net35|Any CPU
		{49D9BA79-8367-4614-AC74-154741D46FBF}.Release_BIE_Cpp|Any CPU.ActiveCfg = Release|Any CPU
		{49D9BA79-8367-4614-AC74-154741D46FBF}.Release_BIE_Cpp|Any CPU.Build.0 = Release|Any CPU
		{49D9BA79-8367-4614-AC74-154741D46FBF}.Release_BIE5_Mono|Any CPU.ActiveCfg = Release_net35|Any CPU
		{49D9BA79-8367-4614-AC74-154741D46FBF}.Release_BIE5_Mono|Any CPU.Build.0 = Release_net35|Any CPU
		{49D9BA79-8367-4614-AC74-154741D46FBF}.Release_BIE6_Mono|Any CPU.ActiveCfg = Release_net35|Any CPU
		{49D9BA79-8367-4614-AC74-154741D46FBF}.Release_BIE6_Mono|Any CPU.Build.0 = Release_net35|Any CPU
		{49D9BA79-8367-4614-AC74-154741D46FBF}.Release_ML_Cpp|Any CPU.ActiveCfg = Release|Any CPU
		{49D9BA79-8367-4614-AC74-154741D46FBF}.Release_ML_Cpp|Any CPU.Build.0 = Release|Any CPU
		{49D9BA79-8367-4614-AC74-154741D46FBF}.Release_ML_Mono|Any CPU.ActiveCfg = Release_net35|Any CPU
		{49D9BA79-8367-4614-AC74-154741D46FBF}.Release_ML_Mono|Any CPU.Build.0 = Release_net35|Any CPU
		{49D9BA79-8367-4614-AC74-154741D46FBF}.Release_STANDALONE_Cpp|Any CPU.ActiveCfg = Release|Any CPU
		{49D9BA79-8367-4614-AC74-154741D46FBF}.Release_STANDALONE_Cpp|Any CPU.Build.0 = Release|Any CPU
		{49D9BA79-8367-4614-AC74-154741D46FBF}.Release_STANDALONE_Mono|Any CPU.ActiveCfg = Release_net35|Any CPU
		{49D9BA79-8367-4614-AC74-154741D46FBF}.Release_STANDALONE_Mono|Any CPU.Build.0 = Release_net35|Any CPU
		{49D9BA79-8367-4614-AC74-154741D46FBF}.Debug_STANDALONE_Mono|Any CPU.ActiveCfg = Debug_net35|Any CPU
		{49D9BA79-8367-4614-AC74-154741D46FBF}.Debug_STANDALONE_Mono|Any CPU.Build.0 = Debug_net35|Any CPU
		{953269FE-7F67-47DB-8680-78DA89884310}.Release_BIE5_Mono|Any CPU.ActiveCfg = Release_Mono|Any CPU
		{953269FE-7F67-47DB-8680-78DA89884310}.Release_BIE5_Mono|Any CPU.Build.0 = Release_Mono|Any CPU
		{953269FE-7F67-47DB-8680-78DA89884310}.Release_BIE6_Mono|Any CPU.ActiveCfg = Release_Mono|Any CPU
		{953269FE-7F67-47DB-8680-78DA89884310}.Release_BIE6_Mono|Any CPU.Build.0 = Release_Mono|Any CPU
		{953269FE-7F67-47DB-8680-78DA89884310}.Release_ML_Mono|Any CPU.ActiveCfg = Release_Mono|Any CPU
		{953269FE-7F67-47DB-8680-78DA89884310}.Release_ML_Mono|Any CPU.Build.0 = Release_Mono|Any CPU
		{953269FE-7F67-47DB-8680-78DA89884310}.Release_STANDALONE_Mono|Any CPU.ActiveCfg = Release_Mono|Any CPU
		{953269FE-7F67-47DB-8680-78DA89884310}.Release_STANDALONE_Mono|Any CPU.Build.0 = Release_Mono|Any CPU
		{953269FE-7F67-47DB-8680-78DA89884310}.Debug_STANDALONE_Cpp|Any CPU.ActiveCfg = Release_Mono|Any CPU
		{953269FE-7F67-47DB-8680-78DA89884310}.Debug_STANDALONE_Cpp|Any CPU.Build.0 = Release_Mono|Any CPU
		{953269FE-7F67-47DB-8680-78DA89884310}.Debug_STANDALONE_Mono|Any CPU.ActiveCfg = Release_Mono|Any CPU
		{953269FE-7F67-47DB-8680-78DA89884310}.Debug_STANDALONE_Mono|Any CPU.Build.0 = Release_Mono|Any CPU
		{953269FE-7F67-47DB-8680-78DA89884310}.Debug_BIE_Cpp|Any CPU.ActiveCfg = Debug_IL2CPP|Any CPU
		{953269FE-7F67-47DB-8680-78DA89884310}.Debug_BIE_Cpp|Any CPU.Build.0 = Debug_IL2CPP|Any CPU
		{953269FE-7F67-47DB-8680-78DA89884310}.Debug_BIE5_Mono|Any CPU.ActiveCfg = Debug_Mono|Any CPU
		{953269FE-7F67-47DB-8680-78DA89884310}.Debug_BIE5_Mono|Any CPU.Build.0 = Debug_Mono|Any CPU
		{953269FE-7F67-47DB-8680-78DA89884310}.Debug_BIE6_Mono|Any CPU.ActiveCfg = Debug_Mono|Any CPU
		{953269FE-7F67-47DB-8680-78DA89884310}.Debug_BIE6_Mono|Any CPU.Build.0 = Debug_Mono|Any CPU
		{953269FE-7F67-47DB-8680-78DA89884310}.Debug_ML_Cpp|Any CPU.ActiveCfg = Debug_IL2CPP|Any CPU
		{953269FE-7F67-47DB-8680-78DA89884310}.Debug_ML_Cpp|Any CPU.Build.0 = Debug_IL2CPP|Any CPU
		{953269FE-7F67-47DB-8680-78DA89884310}.Debug_ML_Mono|Any CPU.ActiveCfg = Debug_Mono|Any CPU
		{953269FE-7F67-47DB-8680-78DA89884310}.Debug_ML_Mono|Any CPU.Build.0 = Debug_Mono|Any CPU
		{953269FE-7F67-47DB-8680-78DA89884310}.Release_BIE_Cpp|Any CPU.ActiveCfg = Release_IL2CPP|Any CPU
		{953269FE-7F67-47DB-8680-78DA89884310}.Release_BIE_Cpp|Any CPU.Build.0 = Release_IL2CPP|Any CPU
		{953269FE-7F67-47DB-8680-78DA89884310}.Release_ML_Cpp|Any CPU.ActiveCfg = Release_IL2CPP|Any CPU
		{953269FE-7F67-47DB-8680-78DA89884310}.Release_ML_Cpp|Any CPU.Build.0 = Release_IL2CPP|Any CPU
		{953269FE-7F67-47DB-8680-78DA89884310}.Release_STANDALONE_Cpp|Any CPU.ActiveCfg = Release_IL2CPP|Any CPU
		{953269FE-7F67-47DB-8680-78DA89884310}.Release_STANDALONE_Cpp|Any CPU.Build.0 = Release_IL2CPP|Any CPU
	EndGlobalSection
	GlobalSection(SolutionProperties) = preSolution
		HideSolutionNode = FALSE
	EndGlobalSection
	GlobalSection(ExtensibilityGlobals) = postSolution
		SolutionGuid = {DD5C0A5D-03F1-4CC3-8B4D-E10834908C5A}
	EndGlobalSection
EndGlobal
